# This file is @generated by PDM.
# It is not intended for manual editing.

[metadata]
groups = ["default"]
strategy = ["inherit_metadata"]
lock_version = "4.5.0"
content_hash = "sha256:82fc16f29a181aa1ba50916a24528eb95f67db686bf42332c14f4996cb4bb2b6"

[[metadata.targets]]
requires_python = "==3.14.*"
